
Microsoft Visual Studio Solution File, Format Version 12.00
# Visual Studio 15
Project("{FAE04EC0-301F-11D3-BF4B-00C04F79EFBC}") = "Assembly-CSharp", "Assembly-CSharp.csproj", "{93DBA80B-84E2-3204-B5FD-62764CFDFFD5}"
EndProject
Project("{FAE04EC0-301F-11D3-BF4B-00C04F79EFBC}") = "Assembly-CSharp-Editor", "Assembly-CSharp-Editor.csproj", "{174BE756-B2AE-17F9-E4CD-09BAC5951CD6}"
EndProject
Global
	GlobalSection(SolutionConfigurationPlatforms) = preSolution
		Debug|Any CPU = Debug|Any CPU
		Release|Any CPU = Release|Any CPU
	EndGlobalSection
	GlobalSection(ProjectConfigurationPlatforms) = postSolution
		{93DBA80B-84E2-3204-B5FD-62764CFDFFD5}.Debug|Any CPU.ActiveCfg = Debug|Any CPU
		{93DBA80B-84E2-3204-B5FD-62764CFDFFD5}.Debug|Any CPU.Build.0 = Debug|Any CPU
		{93DBA80B-84E2-3204-B5FD-62764CFDFFD5}.Release|Any CPU.ActiveCfg = Release|Any CPU
		{93DBA80B-84E2-3204-B5FD-62764CFDFFD5}.Release|Any CPU.Build.0 = Release|Any CPU
		{174BE756-B2AE-17F9-E4CD-09BAC5951CD6}.Debug|Any CPU.ActiveCfg = Debug|Any CPU
		{174BE756-B2AE-17F9-E4CD-09BAC5951CD6}.Debug|Any CPU.Build.0 = Debug|Any CPU
		{174BE756-B2AE-17F9-E4CD-09BAC5951CD6}.Release|Any CPU.ActiveCfg = Release|Any CPU
		{174BE756-B2AE-17F9-E4CD-09BAC5951CD6}.Release|Any CPU.Build.0 = Release|Any CPU
	EndGlobalSection
	GlobalSection(SolutionProperties) = preSolution
		HideSolutionNode = FALSE
	EndGlobalSection
	GlobalSection(MonoDevelopProperties) = preSolution
		StartupItem = Assembly-CSharp.csproj
	EndGlobalSection
EndGlobal
